PODS:
  - Alamofire (4.9.1)
  - Extensions (1.0.1)
  - FBRetainCycleDetector (0.1.4)
  - HBDNavigationBar (1.6.6)
  - IQKeyboardManagerSwift (6.5.4)
  - KLServer (1.0.0)
  - LoginService (0.0.1):
    - Alamofire
    - Extensions (~> 1.0.1)
    - HBDNavigationBar
    - RxCocoa (~> 5)
    - RxSwift (~> 5)
    - SnapKit
    - YYWebImage
  - LoginServiceInterface (0.0.1):
    - KLServer
  - MLeaksFinder (1.0.0):
    - FBRetainCycleDetector
  - RxCocoa (5.0.1):
    - RxRelay (~> 5)
    - RxSwift (~> 5)
  - RxRelay (5.0.1):
    - RxSwift (~> 5)
  - RxSwift (5.0.1)
  - SnapKit (4.2.0)
  - YYCache (1.0.4)
  - YYImage (1.0.4):
    - YYImage/Core (= 1.0.4)
  - YYImage/Core (1.0.4)
  - YYWebImage (1.0.5):
    - YYCache
    - YYImage

DEPENDENCIES:
  - IQKeyboardManagerSwift
  - LoginService (from `/Users/kalan/Desktop/Swift/LoginService`)
  - LoginServiceInterface (from `/Users/kalan/Desktop/Swift/LoginServiceInterface`)
  - MLeaksFinder

SPEC REPOS:
  https://github.com/Kalanhall/kalanrepo.git:
    - Extensions
  trunk:
    - Alamofire
    - FBRetainCycleDetector
    - HBDNavigationBar
    - IQKeyboardManagerSwift
    - KLServer
    - MLeaksFinder
    - RxCocoa
    - RxRelay
    - RxSwift
    - SnapKit
    - YYCache
    - YYImage
    - YYWebImage

EXTERNAL SOURCES:
  LoginService:
    :path: "/Users/kalan/Desktop/Swift/LoginService"
  LoginServiceInterface:
    :path: "/Users/kalan/Desktop/Swift/LoginServiceInterface"

SPEC CHECKSUMS:
  Alamofire: 85e8a02c69d6020a0d734f6054870d7ecb75cf18
  Extensions: 7849df56ec17d716b5d58d06f4b9b9115c2f23f9
  FBRetainCycleDetector: 46f8179bbb1c587deee3ea838a1a3ee02acf5015
  HBDNavigationBar: b3c63058aa0c1509da6646469c491d9b70edbde1
  IQKeyboardManagerSwift: 2dde0fc70110e8eac7ccce2a46fdbec6a850b414
  KLServer: b37b4d567aa189afe1284ed316b4419f2029221e
  LoginService: e4ad1eadabb1f71ef7138e9dbcaa275df6ad36d7
  LoginServiceInterface: c93b38882a88c11c0745ade477f84d24feea0809
  MLeaksFinder: 8c435bd2f6d070af18cff082b503b21adc130fc0
  RxCocoa: e741b9749968e8a143e2b787f1dfbff2b63d0a5c
  RxRelay: 89d54507f4fd4d969e6ec1d4bd7f3673640b4640
  RxSwift: e2dc62b366a3adf6a0be44ba9f405efd4c94e0c4
  SnapKit: fe8a619752f3f27075cc9a90244d75c6c3f27e2a
  YYCache: 8105b6638f5e849296c71f331ff83891a4942952
  YYImage: 1e1b62a9997399593e4b9c4ecfbbabbf1d3f3b54
  YYWebImage: 5f7f36aee2ae293f016d418c7d6ba05c4863e928

PODFILE CHECKSUM: 1315a48bc1f5a7df37d35c368b79c2b45adba99d

COCOAPODS: 1.8.3
