PODS:
  - Alamofire (4.9.1)
  - Extensions (1.0.5)
  - FBRetainCycleDetector (0.1.4)
  - IQKeyboardManagerSwift (6.5.4)
  - KLNavigationController (1.0.0)
  - KLProgressHUD (1.0.1):
    - MBProgressHUD
  - KLServer (1.0.0)
  - LoginService (0.0.1):
    - Alamofire
    - Extensions (~> 1.0.0)
    - IQKeyboardManagerSwift
    - KLNavigationController
    - KLProgressHUD (~> 1.0.0)
    - RxCocoa (~> 5)
    - RxSwift (~> 5)
    - SnapKit
    - YYWebImage
  - LoginServiceInterface (0.0.1):
    - KLServer
  - MBProgressHUD (1.1.0)
  - MLeaksFinder (1.0.0):
    - FBRetainCycleDetector
  - RxCocoa (5.0.1):
    - RxRelay (~> 5)
    - RxSwift (~> 5)
  - RxRelay (5.0.1):
    - RxSwift (~> 5)
  - RxSwift (5.0.1)
  - SnapKit (4.2.0)
  - YYCache (1.0.4)
  - YYImage (1.0.4):
    - YYImage/Core (= 1.0.4)
  - YYImage/Core (1.0.4)
  - YYWebImage (1.0.5):
    - YYCache
    - YYImage

DEPENDENCIES:
  - LoginService (from `https://github.com/Kalanhall/LoginService.git`)
  - LoginServiceInterface (from `https://github.com/Kalanhall/LoginServiceInterface.git`)
  - MLeaksFinder

SPEC REPOS:
  https://github.com/Kalanhall/Specs.git:
    - Extensions
    - KLProgressHUD
  trunk:
    - Alamofire
    - FBRetainCycleDetector
    - IQKeyboardManagerSwift
    - KLNavigationController
    - KLServer
    - MBProgressHUD
    - MLeaksFinder
    - RxCocoa
    - RxRelay
    - RxSwift
    - SnapKit
    - YYCache
    - YYImage
    - YYWebImage

EXTERNAL SOURCES:
  LoginService:
    :git: https://github.com/Kalanhall/LoginService.git
  LoginServiceInterface:
    :git: https://github.com/Kalanhall/LoginServiceInterface.git

CHECKOUT OPTIONS:
  LoginService:
    :commit: e9583a422b771533a876e23fa4baedc9c16bc6e6
    :git: https://github.com/Kalanhall/LoginService.git
  LoginServiceInterface:
    :commit: f4d7fe25044ec52837f402e914f32b1037295efd
    :git: https://github.com/Kalanhall/LoginServiceInterface.git

SPEC CHECKSUMS:
  Alamofire: 85e8a02c69d6020a0d734f6054870d7ecb75cf18
  Extensions: b5bced2c52190bbcb09132194b59f9315acd9fa4
  FBRetainCycleDetector: 46f8179bbb1c587deee3ea838a1a3ee02acf5015
  IQKeyboardManagerSwift: 2dde0fc70110e8eac7ccce2a46fdbec6a850b414
  KLNavigationController: ed8a50a14e54a499d3a483c681bb7f394002a6bf
  KLProgressHUD: 02604b90a034a25bf5ecf9305df9967e0b961249
  KLServer: b37b4d567aa189afe1284ed316b4419f2029221e
  LoginService: f282bd3b58e087d3f4d95e1fe95644c81ab3ae07
  LoginServiceInterface: c93b38882a88c11c0745ade477f84d24feea0809
  MBProgressHUD: e7baa36a220447d8aeb12769bf0585582f3866d9
  MLeaksFinder: 8c435bd2f6d070af18cff082b503b21adc130fc0
  RxCocoa: e741b9749968e8a143e2b787f1dfbff2b63d0a5c
  RxRelay: 89d54507f4fd4d969e6ec1d4bd7f3673640b4640
  RxSwift: e2dc62b366a3adf6a0be44ba9f405efd4c94e0c4
  SnapKit: fe8a619752f3f27075cc9a90244d75c6c3f27e2a
  YYCache: 8105b6638f5e849296c71f331ff83891a4942952
  YYImage: 1e1b62a9997399593e4b9c4ecfbbabbf1d3f3b54
  YYWebImage: 5f7f36aee2ae293f016d418c7d6ba05c4863e928

PODFILE CHECKSUM: f7e31c8c29d764b5e53d077acf2c2ec5cb663125

COCOAPODS: 1.8.3
